
Microsoft Visual Studio Solution File, Format Version 12.00
# Visual Studio Version 17
VisualStudioVersion = 17.9.34622.214
MinimumVisualStudioVersion = 10.0.40219.1
Project("{FAE04EC0-301F-11D3-BF4B-00C04F79EFBC}") = "DiSi.Bot.TaskManager", "DiSiNet.Bot.TaskManager\DiSi.Bot.TaskManager.csproj", "{BB5E9A98-5CD5-40A2-B8D6-FAE03814E9A8}"
EndProject
Project("{FAE04EC0-301F-11D3-BF4B-00C04F79EFBC}") = "DiSi.Bot.TaskManager.DB", "DiSi.Bot.TaskManager.DB\DiSi.Bot.TaskManager.DB.csproj", "{A28E1A2F-CDF9-4952-B78F-7C87ECA1CEF9}"
EndProject
Global
	GlobalSection(SolutionConfigurationPlatforms) = preSolution
		Debug|Any CPU = Debug|Any CPU
		Release|Any CPU = Release|Any CPU
	EndGlobalSection
	GlobalSection(ProjectConfigurationPlatforms) = postSolution
		{BB5E9A98-5CD5-40A2-B8D6-FAE03814E9A8}.Debug|Any CPU.ActiveCfg = Debug|Any CPU
		{BB5E9A98-5CD5-40A2-B8D6-FAE03814E9A8}.Debug|Any CPU.Build.0 = Debug|Any CPU
		{BB5E9A98-5CD5-40A2-B8D6-FAE03814E9A8}.Release|Any CPU.ActiveCfg = Release|Any CPU
		{BB5E9A98-5CD5-40A2-B8D6-FAE03814E9A8}.Release|Any CPU.Build.0 = Release|Any CPU
		{A28E1A2F-CDF9-4952-B78F-7C87ECA1CEF9}.Debug|Any CPU.ActiveCfg = Debug|Any CPU
		{A28E1A2F-CDF9-4952-B78F-7C87ECA1CEF9}.Debug|Any CPU.Build.0 = Debug|Any CPU
		{A28E1A2F-CDF9-4952-B78F-7C87ECA1CEF9}.Release|Any CPU.ActiveCfg = Release|Any CPU
		{A28E1A2F-CDF9-4952-B78F-7C87ECA1CEF9}.Release|Any CPU.Build.0 = Release|Any CPU
	EndGlobalSection
	GlobalSection(SolutionProperties) = preSolution
		HideSolutionNode = FALSE
	EndGlobalSection
	GlobalSection(ExtensibilityGlobals) = postSolution
		SolutionGuid = {6348CDAB-5126-4BBA-B3DF-A29E56426BEF}
	EndGlobalSection
EndGlobal
